
Microsoft Visual Studio Solution File, Format Version 12.00
# Visual Studio Version 17
VisualStudioVersion = 17.0.32126.317
MinimumVisualStudioVersion = 10.0.40219.1
Project("{9A19103F-16F7-4668-BE54-9A1E7A4F7556}") = "weather_info", "weather_info.csproj", "{F06EB218-E1EF-44EC-A47A-2232742B8853}"
EndProject
Global
	GlobalSection(SolutionConfigurationPlatforms) = preSolution
		Debug|Any CPU = Debug|Any CPU
		Release|Any CPU = Release|Any CPU
	EndGlobalSection
	GlobalSection(ProjectConfigurationPlatforms) = postSolution
		{F06EB218-E1EF-44EC-A47A-2232742B8853}.Debug|Any CPU.ActiveCfg = Debug|Any CPU
		{F06EB218-E1EF-44EC-A47A-2232742B8853}.Debug|Any CPU.Build.0 = Debug|Any CPU
		{F06EB218-E1EF-44EC-A47A-2232742B8853}.Release|Any CPU.ActiveCfg = Release|Any CPU
		{F06EB218-E1EF-44EC-A47A-2232742B8853}.Release|Any CPU.Build.0 = Release|Any CPU
	EndGlobalSection
	GlobalSection(SolutionProperties) = preSolution
		HideSolutionNode = FALSE
	EndGlobalSection
	GlobalSection(ExtensibilityGlobals) = postSolution
		SolutionGuid = {C0E5FD90-559A-4F52-BBC3-E6BF6BE92ED9}
	EndGlobalSection
EndGlobal
